
Microsoft Visual Studio Solution File, Format Version 12.00
# Visual Studio Version 16
VisualStudioVersion = 16.0.29827.131
MinimumVisualStudioVersion = 10.0.40219.1
Project("{FAE04EC0-301F-11D3-BF4B-00C04F79EFBC}") = "GigHub", "GigHub\GigHub.csproj", "{1FB96295-AAD1-4080-A35C-BBFAC1B9D7A2}"
EndProject
Global
	GlobalSection(SolutionConfigurationPlatforms) = preSolution
		Debug|Any CPU = Debug|Any CPU
		Release|Any CPU = Release|Any CPU
	EndGlobalSection
	GlobalSection(ProjectConfigurationPlatforms) = postSolution
		{1FB96295-AAD1-4080-A35C-BBFAC1B9D7A2}.Debug|Any CPU.ActiveCfg = Debug|Any CPU
		{1FB96295-AAD1-4080-A35C-BBFAC1B9D7A2}.Debug|Any CPU.Build.0 = Debug|Any CPU
		{1FB96295-AAD1-4080-A35C-BBFAC1B9D7A2}.Release|Any CPU.ActiveCfg = Release|Any CPU
		{1FB96295-AAD1-4080-A35C-BBFAC1B9D7A2}.Release|Any CPU.Build.0 = Release|Any CPU
	EndGlobalSection
	GlobalSection(SolutionProperties) = preSolution
		HideSolutionNode = FALSE
	EndGlobalSection
	GlobalSection(ExtensibilityGlobals) = postSolution
		SolutionGuid = {4956C0B2-ED2E-495A-8DBF-FEACCF199DDE}
	EndGlobalSection
EndGlobal
