
Microsoft Visual Studio Solution File, Format Version 12.00
# Visual Studio Version 16
VisualStudioVersion = 16.0.29827.131
MinimumVisualStudioVersion = 10.0.40219.1
Project("{FAE04EC0-301F-11D3-BF4B-00C04F79EFBC}") = "GigHub", "GigHub\GigHub.csproj", "{290299DE-D7CE-49F3-9CB8-0D98FE6EB76F}"
EndProject
Global
	GlobalSection(SolutionConfigurationPlatforms) = preSolution
		Debug|Any CPU = Debug|Any CPU
		Release|Any CPU = Release|Any CPU
	EndGlobalSection
	GlobalSection(ProjectConfigurationPlatforms) = postSolution
		{290299DE-D7CE-49F3-9CB8-0D98FE6EB76F}.Debug|Any CPU.ActiveCfg = Debug|Any CPU
		{290299DE-D7CE-49F3-9CB8-0D98FE6EB76F}.Debug|Any CPU.Build.0 = Debug|Any CPU
		{290299DE-D7CE-49F3-9CB8-0D98FE6EB76F}.Release|Any CPU.ActiveCfg = Release|Any CPU
		{290299DE-D7CE-49F3-9CB8-0D98FE6EB76F}.Release|Any CPU.Build.0 = Release|Any CPU
	EndGlobalSection
	GlobalSection(SolutionProperties) = preSolution
		HideSolutionNode = FALSE
	EndGlobalSection
	GlobalSection(ExtensibilityGlobals) = postSolution
		SolutionGuid = {06945DAE-69BE-44E0-B005-C45FC64FAFF1}
	EndGlobalSection
EndGlobal
